// !$*UTF8*$!
{
	archiveVersion = 1;
	classes = {
	};
	objectVersion = 50;
	objects = {

/* Begin PBXBuildFile section */
		CD8717302315853600CCD64A /* AppDelegate.swift in Sources */ = {isa = PBXBuildFile; fileRef = CD87172F2315853600CCD64A /* AppDelegate.swift */; };
		CD8717322315853600CCD64A /* WeatherViewController.swift in Sources */ = {isa = PBXBuildFile; fileRef = CD8717312315853600CCD64A /* WeatherViewController.swift */; };
		CD8717352315853600CCD64A /* Main.storyboard in Resources */ = {isa = PBXBuildFile; fileRef = CD8717332315853600CCD64A /* Main.storyboard */; };
		CD8717372315853C00CCD64A /* Assets.xcassets in Resources */ = {isa = PBXBuildFile; fileRef = CD8717362315853C00CCD64A /* Assets.xcassets */; };
		CD87173A2315853C00CCD64A /* LaunchScreen.storyboard in Resources */ = {isa = PBXBuildFile; fileRef = CD8717382315853C00CCD64A /* LaunchScreen.storyboard */; };
		CD8717452315853C00CCD64A /* WeatherUnitTests.swift in Sources */ = {isa = PBXBuildFile; fileRef = CD8717442315853C00CCD64A /* WeatherUnitTests.swift */; };
		CD87175023158F7F00CCD64A /* testWeather.json in Resources */ = {isa = PBXBuildFile; fileRef = CD87174F23158F7F00CCD64A /* testWeather.json */; };
		CD871753231595C900CCD64A /* Weather.swift in Sources */ = {isa = PBXBuildFile; fileRef = CD87175123158F8F00CCD64A /* Weather.swift */; };
		CD8717542315980500CCD64A /* Weather.swift in Sources */ = {isa = PBXBuildFile; fileRef = CD87175123158F8F00CCD64A /* Weather.swift */; };
		CD8717562315BC6400CCD64A /* WeatherFetchingService.swift in Sources */ = {isa = PBXBuildFile; fileRef = CD8717552315BC6400CCD64A /* WeatherFetchingService.swift */; };
		CD8717572315BC6400CCD64A /* WeatherFetchingService.swift in Sources */ = {isa = PBXBuildFile; fileRef = CD8717552315BC6400CCD64A /* WeatherFetchingService.swift */; };
/* End PBXBuildFile section */

/* Begin PBXContainerItemProxy section */
		CD8717412315853C00CCD64A /* PBXContainerItemProxy */ = {
			isa = PBXContainerItemProxy;
			containerPortal = CD8717242315853500CCD64A /* Project object */;
			proxyType = 1;
			remoteGlobalIDString = CD87172B2315853600CCD64A;
			remoteInfo = IntroductionToUnitTesting;
		};
/* End PBXContainerItemProxy section */

/* Begin PBXFileReference section */
		CD87172C2315853600CCD64A /* IntroductionToUnitTesting.app */ = {isa = PBXFileReference; explicitFileType = wrapper.application; includeInIndex = 0; path = IntroductionToUnitTesting.app; sourceTree = BUILT_PRODUCTS_DIR; };
		CD87172F2315853600CCD64A /* AppDelegate.swift */ = {isa = PBXFileReference; lastKnownFileType = sourcecode.swift; path = AppDelegate.swift; sourceTree = "<group>"; };
		CD8717312315853600CCD64A /* WeatherViewController.swift */ = {isa = PBXFileReference; lastKnownFileType = sourcecode.swift; path = WeatherViewController.swift; sourceTree = "<group>"; };
		CD8717342315853600CCD64A /* Base */ = {isa = PBXFileReference; lastKnownFileType = file.storyboard; name = Base; path = Base.lproj/Main.storyboard; sourceTree = "<group>"; };
		CD8717362315853C00CCD64A /* Assets.xcassets */ = {isa = PBXFileReference; lastKnownFileType = folder.assetcatalog; path = Assets.xcassets; sourceTree = "<group>"; };
		CD8717392315853C00CCD64A /* Base */ = {isa = PBXFileReference; lastKnownFileType = file.storyboard; name = Base; path = Base.lproj/LaunchScreen.storyboard; sourceTree = "<group>"; };
		CD87173B2315853C00CCD64A /* Info.plist */ = {isa = PBXFileReference; lastKnownFileType = text.plist.xml; path = Info.plist; sourceTree = "<group>"; };
		CD8717402315853C00CCD64A /* IntroductionToUnitTestingTests.xctest */ = {isa = PBXFileReference; explicitFileType = wrapper.cfbundle; includeInIndex = 0; path = IntroductionToUnitTestingTests.xctest; sourceTree = BUILT_PRODUCTS_DIR; };
		CD8717442315853C00CCD64A /* WeatherUnitTests.swift */ = {isa = PBXFileReference; lastKnownFileType = sourcecode.swift; path = WeatherUnitTests.swift; sourceTree = "<group>"; };
		CD8717462315853C00CCD64A /* Info.plist */ = {isa = PBXFileReference; lastKnownFileType = text.plist.xml; path = Info.plist; sourceTree = "<group>"; };
		CD87174F23158F7F00CCD64A /* testWeather.json */ = {isa = PBXFileReference; fileEncoding = 4; lastKnownFileType = text.json; path = testWeather.json; sourceTree = "<group>"; };
		CD87175123158F8F00CCD64A /* Weather.swift */ = {isa = PBXFileReference; lastKnownFileType = sourcecode.swift; path = Weather.swift; sourceTree = "<group>"; };
		CD8717552315BC6400CCD64A /* WeatherFetchingService.swift */ = {isa = PBXFileReference; lastKnownFileType = sourcecode.swift; path = WeatherFetchingService.swift; sourceTree = "<group>"; };
/* End PBXFileReference section */

/* Begin PBXFrameworksBuildPhase section */
		CD8717292315853600CCD64A /* Frameworks */ = {
			isa = PBXFrameworksBuildPhase;
			buildActionMask = 2147483647;
			files = (
			);
			runOnlyForDeploymentPostprocessing = 0;
		};
		CD87173D2315853C00CCD64A /* Frameworks */ = {
			isa = PBXFrameworksBuildPhase;
			buildActionMask = 2147483647;
			files = (
			);
			runOnlyForDeploymentPostprocessing = 0;
		};
/* End PBXFrameworksBuildPhase section */

/* Begin PBXGroup section */
		CD8717232315853500CCD64A = {
			isa = PBXGroup;
			children = (
				CD87174F23158F7F00CCD64A /* testWeather.json */,
				CD87172E2315853600CCD64A /* IntroductionToUnitTesting */,
				CD8717432315853C00CCD64A /* IntroductionToUnitTestingTests */,
				CD87172D2315853600CCD64A /* Products */,
			);
			sourceTree = "<group>";
		};
		CD87172D2315853600CCD64A /* Products */ = {
			isa = PBXGroup;
			children = (
				CD87172C2315853600CCD64A /* IntroductionToUnitTesting.app */,
				CD8717402315853C00CCD64A /* IntroductionToUnitTestingTests.xctest */,
			);
			name = Products;
			sourceTree = "<group>";
		};
		CD87172E2315853600CCD64A /* IntroductionToUnitTesting */ = {
			isa = PBXGroup;
			children = (
				CD8717552315BC6400CCD64A /* WeatherFetchingService.swift */,
				CD87175123158F8F00CCD64A /* Weather.swift */,
				CD87172F2315853600CCD64A /* AppDelegate.swift */,
				CD8717312315853600CCD64A /* WeatherViewController.swift */,
				CD8717332315853600CCD64A /* Main.storyboard */,
				CD8717362315853C00CCD64A /* Assets.xcassets */,
				CD8717382315853C00CCD64A /* LaunchScreen.storyboard */,
				CD87173B2315853C00CCD64A /* Info.plist */,
			);
			path = IntroductionToUnitTesting;
			sourceTree = "<group>";
		};
		CD8717432315853C00CCD64A /* IntroductionToUnitTestingTests */ = {
			isa = PBXGroup;
			children = (
				CD8717442315853C00CCD64A /* WeatherUnitTests.swift */,
				CD8717462315853C00CCD64A /* Info.plist */,
			);
			path = IntroductionToUnitTestingTests;
			sourceTree = "<group>";
		};
/* End PBXGroup section */

/* Begin PBXNativeTarget section */
		CD87172B2315853600CCD64A /* IntroductionToUnitTesting */ = {
			isa = PBXNativeTarget;
			buildConfigurationList = CD8717492315853C00CCD64A /* Build configuration list for PBXNativeTarget "IntroductionToUnitTesting" */;
			buildPhases = (
				CD8717282315853600CCD64A /* Sources */,
				CD8717292315853600CCD64A /* Frameworks */,
				CD87172A2315853600CCD64A /* Resources */,
			);
			buildRules = (
			);
			dependencies = (
			);
			name = IntroductionToUnitTesting;
			productName = IntroductionToUnitTesting;
			productReference = CD87172C2315853600CCD64A /* IntroductionToUnitTesting.app */;
			productType = "com.apple.product-type.application";
		};
		CD87173F2315853C00CCD64A /* IntroductionToUnitTestingTests */ = {
			isa = PBXNativeTarget;
			buildConfigurationList = CD87174C2315853C00CCD64A /* Build configuration list for PBXNativeTarget "IntroductionToUnitTestingTests" */;
			buildPhases = (
				CD87173C2315853C00CCD64A /* Sources */,
				CD87173D2315853C00CCD64A /* Frameworks */,
				CD87173E2315853C00CCD64A /* Resources */,
			);
			buildRules = (
			);
			dependencies = (
				CD8717422315853C00CCD64A /* PBXTargetDependency */,
			);
			name = IntroductionToUnitTestingTests;
			productName = IntroductionToUnitTestingTests;
			productReference = CD8717402315853C00CCD64A /* IntroductionToUnitTestingTests.xctest */;
			productType = "com.apple.product-type.bundle.unit-test";
		};
/* End PBXNativeTarget section */

/* Begin PBXProject section */
		CD8717242315853500CCD64A /* Project object */ = {
			isa = PBXProject;
			attributes = {
				LastSwiftUpdateCheck = 1020;
				LastUpgradeCheck = 1020;
				ORGANIZATIONNAME = "Benjamin Stone";
				TargetAttributes = {
					CD87172B2315853600CCD64A = {
						CreatedOnToolsVersion = 10.2.1;
					};
					CD87173F2315853C00CCD64A = {
						CreatedOnToolsVersion = 10.2.1;
						TestTargetID = CD87172B2315853600CCD64A;
					};
				};
			};
			buildConfigurationList = CD8717272315853500CCD64A /* Build configuration list for PBXProject "IntroductionToUnitTesting" */;
			compatibilityVersion = "Xcode 9.3";
			developmentRegion = en;
			hasScannedForEncodings = 0;
			knownRegions = (
				en,
				Base,
			);
			mainGroup = CD8717232315853500CCD64A;
			productRefGroup = CD87172D2315853600CCD64A /* Products */;
			projectDirPath = "";
			projectRoot = "";
			targets = (
				CD87172B2315853600CCD64A /* IntroductionToUnitTesting */,
				CD87173F2315853C00CCD64A /* IntroductionToUnitTestingTests */,
			);
		};
/* End PBXProject section */

/* Begin PBXResourcesBuildPhase section */
		CD87172A2315853600CCD64A /* Resources */ = {
			isa = PBXResourcesBuildPhase;
			buildActionMask = 2147483647;
			files = (
				CD87175023158F7F00CCD64A /* testWeather.json in Resources */,
				CD87173A2315853C00CCD64A /* LaunchScreen.storyboard in Resources */,
				CD8717372315853C00CCD64A /* Assets.xcassets in Resources */,
				CD8717352315853600CCD64A /* Main.storyboard in Resources */,
			);
			runOnlyForDeploymentPostprocessing = 0;
		};
		CD87173E2315853C00CCD64A /* Resources */ = {
			isa = PBXResourcesBuildPhase;
			buildActionMask = 2147483647;
			files = (
			);
			runOnlyForDeploymentPostprocessing = 0;
		};
/* End PBXResourcesBuildPhase section */

/* Begin PBXSourcesBuildPhase section */
		CD8717282315853600CCD64A /* Sources */ = {
			isa = PBXSourcesBuildPhase;
			buildActionMask = 2147483647;
			files = (
				CD8717562315BC6400CCD64A /* WeatherFetchingService.swift in Sources */,
				CD8717322315853600CCD64A /* WeatherViewController.swift in Sources */,
				CD871753231595C900CCD64A /* Weather.swift in Sources */,
				CD8717302315853600CCD64A /* AppDelegate.swift in Sources */,
			);
			runOnlyForDeploymentPostprocessing = 0;
		};
		CD87173C2315853C00CCD64A /* Sources */ = {
			isa = PBXSourcesBuildPhase;
			buildActionMask = 2147483647;
			files = (
				CD8717542315980500CCD64A /* Weather.swift in Sources */,
				CD8717572315BC6400CCD64A /* WeatherFetchingService.swift in Sources */,
				CD8717452315853C00CCD64A /* WeatherUnitTests.swift in Sources */,
			);
			runOnlyForDeploymentPostprocessing = 0;
		};
/* End PBXSourcesBuildPhase section */

/* Begin PBXTargetDependency section */
		CD8717422315853C00CCD64A /* PBXTargetDependency */ = {
			isa = PBXTargetDependency;
			target = CD87172B2315853600CCD64A /* IntroductionToUnitTesting */;
			targetProxy = CD8717412315853C00CCD64A /* PBXContainerItemProxy */;
		};
/* End PBXTargetDependency section */

/* Begin PBXVariantGroup section */
		CD8717332315853600CCD64A /* Main.storyboard */ = {
			isa = PBXVariantGroup;
			children = (
				CD8717342315853600CCD64A /* Base */,
			);
			name = Main.storyboard;
			sourceTree = "<group>";
		};
		CD8717382315853C00CCD64A /* LaunchScreen.storyboard */ = {
			isa = PBXVariantGroup;
			children = (
				CD8717392315853C00CCD64A /* Base */,
			);
			name = LaunchScreen.storyboard;
			sourceTree = "<group>";
		};
/* End PBXVariantGroup section */

/* Begin XCBuildConfiguration section */
		CD8717472315853C00CCD64A /* Debug */ = {
			isa = XCBuildConfiguration;
			buildSettings = {
				ALWAYS_SEARCH_USER_PATHS = NO;
				CLANG_ANALYZER_NONNULL = YES;
				CLANG_ANALYZER_NUMBER_OBJECT_CONVERSION = YES_AGGRESSIVE;
				CLANG_CXX_LANGUAGE_STANDARD = "gnu++14";
				CLANG_CXX_LIBRARY = "libc++";
				CLANG_ENABLE_MODULES = YES;
				CLANG_ENABLE_OBJC_ARC = YES;
				CLANG_ENABLE_OBJC_WEAK = YES;
				CLANG_WARN_BLOCK_CAPTURE_AUTORELEASING = YES;
				CLANG_WARN_BOOL_CONVERSION = YES;
				CLANG_WARN_COMMA = YES;
				CLANG_WARN_CONSTANT_CONVERSION = YES;
				CLANG_WARN_DEPRECATED_OBJC_IMPLEMENTATIONS = YES;
				CLANG_WARN_DIRECT_OBJC_ISA_USAGE = YES_ERROR;
				CLANG_WARN_DOCUMENTATION_COMMENTS = YES;
				CLANG_WARN_EMPTY_BODY = YES;
				CLANG_WARN_ENUM_CONVERSION = YES;
				CLANG_WARN_INFINITE_RECURSION = YES;
				CLANG_WARN_INT_CONVERSION = YES;
				CLANG_WARN_NON_LITERAL_NULL_CONVERSION = YES;
				CLANG_WARN_OBJC_IMPLICIT_RETAIN_SELF = YES;
				CLANG_WARN_OBJC_LITERAL_CONVERSION = YES;
				CLANG_WARN_OBJC_ROOT_CLASS = YES_ERROR;
				CLANG_WARN_RANGE_LOOP_ANALYSIS = YES;
				CLANG_WARN_STRICT_PROTOTYPES = YES;
				CLANG_WARN_SUSPICIOUS_MOVE = YES;
				CLANG_WARN_UNGUARDED_AVAILABILITY = YES_AGGRESSIVE;
				CLANG_WARN_UNREACHABLE_CODE = YES;
				CLANG_WARN__DUPLICATE_METHOD_MATCH = YES;
				CODE_SIGN_IDENTITY = "iPhone Developer";
				COPY_PHASE_STRIP = NO;
				DEBUG_INFORMATION_FORMAT = dwarf;
				ENABLE_STRICT_OBJC_MSGSEND = YES;
				ENABLE_TESTABILITY = YES;
				GCC_C_LANGUAGE_STANDARD = gnu11;
				GCC_DYNAMIC_NO_PIC = NO;
				GCC_NO_COMMON_BLOCKS = YES;
				GCC_OPTIMIZATION_LEVEL = 0;
				GCC_PREPROCESSOR_DEFINITIONS = (
					"DEBUG=1",
					"$(inherited)",
				);
				GCC_WARN_64_TO_32_BIT_CONVERSION = YES;
				GCC_WARN_ABOUT_RETURN_TYPE = YES_ERROR;
				GCC_WARN_UNDECLARED_SELECTOR = YES;
				GCC_WARN_UNINITIALIZED_AUTOS = YES_AGGRESSIVE;
				GCC_WARN_UNUSED_FUNCTION = YES;
				GCC_WARN_UNUSED_VARIABLE = YES;
				IPHONEOS_DEPLOYMENT_TARGET = 12.2;
				MTL_ENABLE_DEBUG_INFO = INCLUDE_SOURCE;
				MTL_FAST_MATH = YES;
				ONLY_ACTIVE_ARCH = YES;
				SDKROOT = iphoneos;
				SWIFT_ACTIVE_COMPILATION_CONDITIONS = DEBUG;
				SWIFT_OPTIMIZATION_LEVEL = "-Onone";
			};
			name = Debug;
		};
		CD8717482315853C00CCD64A /* Release */ = {
			isa = XCBuildConfiguration;
			buildSettings = {
				ALWAYS_SEARCH_USER_PATHS = NO;
				CLANG_ANALYZER_NONNULL = YES;
				CLANG_ANALYZER_NUMBER_OBJECT_CONVERSION = YES_AGGRESSIVE;
				CLANG_CXX_LANGUAGE_STANDARD = "gnu++14";
				CLANG_CXX_LIBRARY = "libc++";
				CLANG_ENABLE_MODULES = YES;
				CLANG_ENABLE_OBJC_ARC = YES;
				CLANG_ENABLE_OBJC_WEAK = YES;
				CLANG_WARN_BLOCK_CAPTURE_AUTORELEASING = YES;
				CLANG_WARN_BOOL_CONVERSION = YES;
				CLANG_WARN_COMMA = YES;
				CLANG_WARN_CONSTANT_CONVERSION = YES;
				CLANG_WARN_DEPRECATED_OBJC_IMPLEMENTATIONS = YES;
				CLANG_WARN_DIRECT_OBJC_ISA_USAGE = YES_ERROR;
				CLANG_WARN_DOCUMENTATION_COMMENTS = YES;
				CLANG_WARN_EMPTY_BODY = YES;
				CLANG_WARN_ENUM_CONVERSION = YES;
				CLANG_WARN_INFINITE_RECURSION = YES;
				CLANG_WARN_INT_CONVERSION = YES;
				CLANG_WARN_NON_LITERAL_NULL_CONVERSION = YES;
				CLANG_WARN_OBJC_IMPLICIT_RETAIN_SELF = YES;
				CLANG_WARN_OBJC_LITERAL_CONVERSION = YES;
				CLANG_WARN_OBJC_ROOT_CLASS = YES_ERROR;
				CLANG_WARN_RANGE_LOOP_ANALYSIS = YES;
				CLANG_WARN_STRICT_PROTOTYPES = YES;
				CLANG_WARN_SUSPICIOUS_MOVE = YES;
				CLANG_WARN_UNGUARDED_AVAILABILITY = YES_AGGRESSIVE;
				CLANG_WARN_UNREACHABLE_CODE = YES;
				CLANG_WARN__DUPLICATE_METHOD_MATCH = YES;
				CODE_SIGN_IDENTITY = "iPhone Developer";
				COPY_PHASE_STRIP = NO;
				DEBUG_INFORMATION_FORMAT = "dwarf-with-dsym";
				ENABLE_NS_ASSERTIONS = NO;
				ENABLE_STRICT_OBJC_MSGSEND = YES;
				GCC_C_LANGUAGE_STANDARD = gnu11;
				GCC_NO_COMMON_BLOCKS = YES;
				GCC_WARN_64_TO_32_BIT_CONVERSION = YES;
				GCC_WARN_ABOUT_RETURN_TYPE = YES_ERROR;
				GCC_WARN_UNDECLARED_SELECTOR = YES;
				GCC_WARN_UNINITIALIZED_AUTOS = YES_AGGRESSIVE;
				GCC_WARN_UNUSED_FUNCTION = YES;
				GCC_WARN_UNUSED_VARIABLE = YES;
				IPHONEOS_DEPLOYMENT_TARGET = 12.2;
				MTL_ENABLE_DEBUG_INFO = NO;
				MTL_FAST_MATH = YES;
				SDKROOT = iphoneos;
				SWIFT_COMPILATION_MODE = wholemodule;
				SWIFT_OPTIMIZATION_LEVEL = "-O";
				VALIDATE_PRODUCT = YES;
			};
			name = Release;
		};
		CD87174A2315853C00CCD64A /* Debug */ = {
			isa = XCBuildConfiguration;
			buildSettings = {
				ASSETCATALOG_COMPILER_APPICON_NAME = AppIcon;
				CODE_SIGN_STYLE = Automatic;
				INFOPLIST_FILE = IntroductionToUnitTesting/Info.plist;
				LD_RUNPATH_SEARCH_PATHS = (
					"$(inherited)",
					"@executable_path/Frameworks",
				);
				PRODUCT_BUNDLE_IDENTIFIER = pursuit.IntroductionToUnitTesting;
				PRODUCT_NAME = "$(TARGET_NAME)";
				SWIFT_VERSION = 5.0;
				TARGETED_DEVICE_FAMILY = "1,2";
			};
			name = Debug;
		};
		CD87174B2315853C00CCD64A /* Release */ = {
			isa = XCBuildConfiguration;
			buildSettings = {
				ASSETCATALOG_COMPILER_APPICON_NAME = AppIcon;
				CODE_SIGN_STYLE = Automatic;
				INFOPLIST_FILE = IntroductionToUnitTesting/Info.plist;
				LD_RUNPATH_SEARCH_PATHS = (
					"$(inherited)",
					"@executable_path/Frameworks",
				);
				PRODUCT_BUNDLE_IDENTIFIER = pursuit.IntroductionToUnitTesting;
				PRODUCT_NAME = "$(TARGET_NAME)";
				SWIFT_VERSION = 5.0;
				TARGETED_DEVICE_FAMILY = "1,2";
			};
			name = Release;
		};
		CD87174D2315853C00CCD64A /* Debug */ = {
			isa = XCBuildConfiguration;
			buildSettings = {
				ALWAYS_EMBED_SWIFT_STANDARD_LIBRARIES = YES;
				BUNDLE_LOADER = "$(TEST_HOST)";
				CODE_SIGN_STYLE = Automatic;
				INFOPLIST_FILE = IntroductionToUnitTestingTests/Info.plist;
				LD_RUNPATH_SEARCH_PATHS = (
					"$(inherited)",
					"@executable_path/Frameworks",
					"@loader_path/Frameworks",
				);
				PRODUCT_BUNDLE_IDENTIFIER = pursuit.IntroductionToUnitTestingTests;
				PRODUCT_NAME = "$(TARGET_NAME)";
				SWIFT_VERSION = 5.0;
				TARGETED_DEVICE_FAMILY = "1,2";
				TEST_HOST = "$(BUILT_PRODUCTS_DIR)/IntroductionToUnitTesting.app/IntroductionToUnitTesting";
			};
			name = Debug;
		};
		CD87174E2315853C00CCD64A /* Release */ = {
			isa = XCBuildConfiguration;
			buildSettings = {
				ALWAYS_EMBED_SWIFT_STANDARD_LIBRARIES = YES;
				BUNDLE_LOADER = "$(TEST_HOST)";
				CODE_SIGN_STYLE = Automatic;
				INFOPLIST_FILE = IntroductionToUnitTestingTests/Info.plist;
				LD_RUNPATH_SEARCH_PATHS = (
					"$(inherited)",
					"@executable_path/Frameworks",
					"@loader_path/Frameworks",
				);
				PRODUCT_BUNDLE_IDENTIFIER = pursuit.IntroductionToUnitTestingTests;
				PRODUCT_NAME = "$(TARGET_NAME)";
				SWIFT_VERSION = 5.0;
				TARGETED_DEVICE_FAMILY = "1,2";
				TEST_HOST = "$(BUILT_PRODUCTS_DIR)/IntroductionToUnitTesting.app/IntroductionToUnitTesting";
			};
			name = Release;
		};
/* End XCBuildConfiguration section */

/* Begin XCConfigurationList section */
		CD8717272315853500CCD64A /* Build configuration list for PBXProject "IntroductionToUnitTesting" */ = {
			isa = XCConfigurationList;
			buildConfigurations = (
				CD8717472315853C00CCD64A /* Debug */,
				CD8717482315853C00CCD64A /* Release */,
			);
			defaultConfigurationIsVisible = 0;
			defaultConfigurationName = Release;
		};
		CD8717492315853C00CCD64A /* Build configuration list for PBXNativeTarget "IntroductionToUnitTesting" */ = {
			isa = XCConfigurationList;
			buildConfigurations = (
				CD87174A2315853C00CCD64A /* Debug */,
				CD87174B2315853C00CCD64A /* Release */,
			);
			defaultConfigurationIsVisible = 0;
			defaultConfigurationName = Release;
		};
		CD87174C2315853C00CCD64A /* Build configuration list for PBXNativeTarget "IntroductionToUnitTestingTests" */ = {
			isa = XCConfigurationList;
			buildConfigurations = (
				CD87174D2315853C00CCD64A /* Debug */,
				CD87174E2315853C00CCD64A /* Release */,
			);
			defaultConfigurationIsVisible = 0;
			defaultConfigurationName = Release;
		};
/* End XCConfigurationList section */
	};
	rootObject = CD8717242315853500CCD64A /* Project object */;
}
